
Microsoft Visual Studio Solution File, Format Version 12.00
# Visual Studio Version 16
VisualStudioVersion = 16.0.30309.148
MinimumVisualStudioVersion = 10.0.40219.1
Project("{FAE04EC0-301F-11D3-BF4B-00C04F79EFBC}") = "Teste com BD", "Teste com BD\Teste com BD.csproj", "{DE5D771A-0FCF-4B5B-A956-12E68B136C26}"
EndProject
Global
	GlobalSection(SolutionConfigurationPlatforms) = preSolution
		Debug|Any CPU = Debug|Any CPU
		Release|Any CPU = Release|Any CPU
	EndGlobalSection
	GlobalSection(ProjectConfigurationPlatforms) = postSolution
		{DE5D771A-0FCF-4B5B-A956-12E68B136C26}.Debug|Any CPU.ActiveCfg = Debug|Any CPU
		{DE5D771A-0FCF-4B5B-A956-12E68B136C26}.Debug|Any CPU.Build.0 = Debug|Any CPU
		{DE5D771A-0FCF-4B5B-A956-12E68B136C26}.Release|Any CPU.ActiveCfg = Release|Any CPU
		{DE5D771A-0FCF-4B5B-A956-12E68B136C26}.Release|Any CPU.Build.0 = Release|Any CPU
	EndGlobalSection
	GlobalSection(SolutionProperties) = preSolution
		HideSolutionNode = FALSE
	EndGlobalSection
	GlobalSection(ExtensibilityGlobals) = postSolution
		SolutionGuid = {41B9F423-4F7F-4DB0-A9DD-204E6A14D398}
	EndGlobalSection
EndGlobal
